# THIS IS AN AUTOGENERATED FILE. DO NOT EDIT THIS FILE DIRECTLY.
# yarn lockfile v1


datatables@^1.10.13:
  version "1.10.13"
  resolved "https://registry.yarnpkg.com/datatables/-/datatables-1.10.13.tgz#9bb2dec6f7dcf02049a00e4f0e7d3fe009c39346"
  dependencies:
    jquery ">=1.7"

highlight.js@^9.12.0:
  version "9.12.0"
  resolved "https://registry.yarnpkg.com/highlight.js/-/highlight.js-9.12.0.tgz#e6d9dbe57cbefe60751f02af336195870c90c01e"

jquery@>=1.7:
  version "3.2.1"
  resolved "https://registry.yarnpkg.com/jquery/-/jquery-3.2.1.tgz#5c4d9de652af6cd0a770154a631bba12b015c787"
